
Microsoft Visual Studio Solution File, Format Version 12.00
# Visual Studio Version 17
VisualStudioVersion = 17.6.33815.320
MinimumVisualStudioVersion = 10.0.40219.1
Project("{FAE04EC0-301F-11D3-BF4B-00C04F79EFBC}") = "DemoAIVision02", "DemoAIVision02\DemoAIVision02.csproj", "{518FA055-A68A-402E-B068-E520FC7800C3}"
EndProject
Global
	GlobalSection(SolutionConfigurationPlatforms) = preSolution
		Debug|Any CPU = Debug|Any CPU
		Release|Any CPU = Release|Any CPU
	EndGlobalSection
	GlobalSection(ProjectConfigurationPlatforms) = postSolution
		{518FA055-A68A-402E-B068-E520FC7800C3}.Debug|Any CPU.ActiveCfg = Debug|Any CPU
		{518FA055-A68A-402E-B068-E520FC7800C3}.Debug|Any CPU.Build.0 = Debug|Any CPU
		{518FA055-A68A-402E-B068-E520FC7800C3}.Release|Any CPU.ActiveCfg = Release|Any CPU
		{518FA055-A68A-402E-B068-E520FC7800C3}.Release|Any CPU.Build.0 = Release|Any CPU
	EndGlobalSection
	GlobalSection(SolutionProperties) = preSolution
		HideSolutionNode = FALSE
	EndGlobalSection
	GlobalSection(ExtensibilityGlobals) = postSolution
		SolutionGuid = {40F1E89C-CEF6-4EE0-9A03-7D0C8E3FB544}
	EndGlobalSection
EndGlobal
